github.com/aliyun/aliyun-oss-go-sdk v1.9.8 h1:BOflvK0Zs/zGmoabyFIzTg5c3kguktWTXEwewwbuba0=
github.com/aliyun/aliyun-oss-go-sdk v1.9.8/go.mod h1:T/Aws4fEfogEE9v+HPhhw+CntffsBHJ8nXQCwKr0/g8=
github.com/armon/circbuf v0.0.0-20150827004946-bbbad097214e/go.mod h1:3U/XgcO3hCbHZ8TKRvWD2dDTCfh9M9ya+I9JpbB7O8o=
github.com/armon/circbuf v0.0.0-20190214190532-5111143e8da2/go.mod h1:3U/XgcO3hCbHZ8TKRvWD2dDTCfh9M9ya+I9JpbB7O8o=
github.com/armon/go-metrics v0.0.0-20180917152333-f0300d1749da h1:8GUt8eRujhVEGZFFEjBj46YV4rDjvGrNxb0KMWYkL2I=
github.com/armon/go-metrics v0.0.0-20180917152333-f0300d1749da/go.mod h1:Q73ZrmVTwzkszR9V5SSuryQ31EELlFMUz1kKyl939pY=
github.com/armon/go-radix v0.0.0-20180808171621-7fddfc383310/go.mod h1:ufUuZ+zHj4x4TnLV4JWEpy2hxWSpsRywHrMgIH9cCH8=
github.com/armon/go-radix v1.0.0/go.mod h1:ufUuZ+zHj4x4TnLV4JWEpy2hxWSpsRywHrMgIH9cCH8=
github.com/bgentry/speakeasy v0.1.0/go.mod h1:+zsyZBPWlz7T6j88CTgSN5bM796AkVf0kBD4zp0CCIs=
github.com/davecgh/go-spew v1.1.0/go.mod h1:J7Y8YcW2NihsgmVo/mv3lAwl/skON4iLHjSsI+c5H38=
github.com/davecgh/go-spew v1.1.1/go.mod h1:J7Y8YcW2NihsgmVo/mv3lAwl/skON4iLHjSsI+c5H38=
github.com/dgrijalva/jwt-go v3.2.0+incompatible h1:7qlOGliEKZXTDg6OTjfoBKDXWrumCAMpl/TFQ4/5kLM=
github.com/dgrijalva/jwt-go v3.2.0+incompatible/go.mod h1:E3ru+11k8xSBh+hMPgOLZmtrrCbhqsmaPHjLKYnJCaQ=
github.com/fatih/color v1.7.0/go.mod h1:Zm6kSWBoL9eyXnKyktHP6abPY2pDugNf5KwzbycvMj4=
github.com/go-log/log v0.1.0 h1:wudGTNsiGzrD5ZjgIkVZ517ugi2XRe9Q/xRCzwEO4/U=
github.com/go-log/log v0.1.0/go.mod h1:4mBwpdRMFLiuXZDCwU2lKQFsoSCo72j3HqBK9d81N2M=
github.com/go-sql-driver/mysql v1.4.1 h1:g24URVg0OFbNUTx9qqY1IRZ9D9z3iPyi5zKhQZpNwpA=
github.com/go-sql-driver/mysql v1.4.1/go.mod h1:zAC/RDZ24gD3HViQzih4MyKcchzm+sOG5ZlKdlhCg5w=
github.com/golang/protobuf v1.3.1 h1:YF8+flBXS5eO826T4nzqPrxfhQThhXl0YzfuUPu4SBg=
github.com/golang/protobuf v1.3.1/go.mod h1:6lQm79b+lXiMfvg/cZm0SGofjICqVBUtrP5yJMmIC1U=
github.com/google/btree v0.0.0-20180813153112-4030bb1f1f0c h1:964Od4U6p2jUkFxvCydnIczKteheJEzHRToSGK3Bnlw=
github.com/google/btree v0.0.0-20180813153112-4030bb1f1f0c/go.mod h1:lNA+9X1NB3Zf8V7Ke586lFgjr2dZNuvo3lPJSGZ5JPQ=
github.com/google/uuid v1.1.0/go.mod h1:TIyPZe4MgqvfeYDBFedMoGGpEw/LqOeaOT+nhxU+yHo=
github.com/google/uuid v1.1.1 h1:Gkbcsh/GbpXz7lPftLA3P6TYMwjCLYm83jiFQZF/3gY=
github.com/google/uuid v1.1.1/go.mod h1:TIyPZe4MgqvfeYDBFedMoGGpEw/LqOeaOT+nhxU+yHo=
github.com/gorilla/websocket v1.4.0 h1:WDFjx/TMzVgy9VdMMQi2K2Emtwi2QcUQsztZ/zLaH/Q=
github.com/gorilla/websocket v1.4.0/go.mod h1:E7qHFY5m1UJ88s3WnNqhKjPHQ0heANvMoAMk2YaljkQ=
github.com/hashicorp/consul v1.4.2/go.mod h1:mFrjN1mfidgJfYP1xrJCF+AfRhr6Eaqhb2+sfyn/OOI=
github.com/hashicorp/consul v1.4.4 h1:DR1+5EGgnPsd/LIsK3c9RDvajcsV5GOkGQBSNd3dpn8=
github.com/hashicorp/consul v1.4.4/go.mod h1:mFrjN1mfidgJfYP1xrJCF+AfRhr6Eaqhb2+sfyn/OOI=
github.com/hashicorp/errwrap v1.0.0 h1:hLrqtEDnRye3+sgx6z4qVLNuviH3MR5aQ0ykNJa/UYA=
github.com/hashicorp/errwrap v1.0.0/go.mod h1:YH+1FKiLXxHSkmPseP+kNlulaMuP3n2brvKWEqk/Jc4=
github.com/hashicorp/go-cleanhttp v0.5.0/go.mod h1:JpRdi6/HCYpAwUzNwuwqhbovhLtngrth3wmdIIUrZ80=
github.com/hashicorp/go-cleanhttp v0.5.1 h1:dH3aiDG9Jvb5r5+bYHsikaOUIpcM0xvgMXVoDkXMzJM=
github.com/hashicorp/go-cleanhttp v0.5.1/go.mod h1:JpRdi6/HCYpAwUzNwuwqhbovhLtngrth3wmdIIUrZ80=
github.com/hashicorp/go-immutable-radix v1.0.0 h1:AKDB1HM5PWEA7i4nhcpwOrO2byshxBjXVn/J/3+z5/0=
github.com/hashicorp/go-immutable-radix v1.0.0/go.mod h1:0y9vanUI8NX6FsYoO3zeMjhV/C5i9g4Q3DwcSNZ4P60=
github.com/hashicorp/go-msgpack v0.5.3 h1:zKjpN5BK/P5lMYrLmBHdBULWbJ0XpYR+7NGzqkZzoD4=
github.com/hashicorp/go-msgpack v0.5.3/go.mod h1:ahLV/dePpqEmjfWmKiqvPkv/twdG7iPBM1vqhUKIvfM=
github.com/hashicorp/go-multierror v1.0.0 h1:iVjPR7a6H0tWELX5NxNe7bYopibicUzc7uPribsnS6o=
github.com/hashicorp/go-multierror v1.0.0/go.mod h1:dHtQlpGsu+cZNNAkkCN/P3hoUDHhCYQXV3UM06sGGrk=
github.com/hashicorp/go-rootcerts v1.0.0 h1:Rqb66Oo1X/eSV1x66xbDccZjhJigjg0+e82kpwzSwCI=
github.com/hashicorp/go-rootcerts v1.0.0/go.mod h1:K6zTfqpRlCUIjkwsN4Z+hiSfzSTQa6eBIzfwKfwNnHU=
github.com/hashicorp/go-sockaddr v1.0.0/go.mod h1:7Xibr9yA9JjQq1JpNB2Vw7kxv8xerXegt+ozgdvDeDU=
github.com/hashicorp/go-sockaddr v1.0.1 h1:eCkkJ5KOOktDvwbsE9KPyiBWaOfp1ZNy2gLHgL8PSBM=
github.com/hashicorp/go-sockaddr v1.0.1/go.mod h1:rB4wwRAUzs07qva3c5SdrY/NEtAUjGlgmH/UkBUC97A=
github.com/hashicorp/go-syslog v1.0.0/go.mod h1:qPfqrKkXGihmCqbJM2mZgkZGvKG1dFdvsLplgctolz4=
github.com/hashicorp/go-uuid v1.0.0/go.mod h1:6SBZvOh/SIDV7/2o3Jml5SYk/TvGqwFJ/bN7x4byOro=
github.com/hashicorp/go-uuid v1.0.1/go.mod h1:6SBZvOh/SIDV7/2o3Jml5SYk/TvGqwFJ/bN7x4byOro=
github.com/hashicorp/go.net v0.0.1/go.mod h1:hjKkEWcCURg++eb33jQU7oqQcI9XDCnUzHA0oac0k90=
github.com/hashicorp/golang-lru v0.5.0/go.mod h1:/m3WP610KZHVQ1SGc6re/UDhFvYD7pJ4Ao+sR/qLZy8=
github.com/hashicorp/golang-lru v0.5.1 h1:0hERBMJE1eitiLkihrMvRVBYAkpHzc/J3QdDN+dAcgU=
github.com/hashicorp/golang-lru v0.5.1/go.mod h1:/m3WP610KZHVQ1SGc6re/UDhFvYD7pJ4Ao+sR/qLZy8=
github.com/hashicorp/logutils v1.0.0/go.mod h1:QIAnNjmIWmVIIkWDTG1z5v++HQmx9WQRO+LraFDTW64=
github.com/hashicorp/mdns v1.0.0/go.mod h1:tL+uN++7HEJ6SQLQ2/p+z2pH24WQKWjBPkE0mNTz8vQ=
github.com/hashicorp/memberlist v0.1.3 h1:EmmoJme1matNzb+hMpDuR/0sbJSUisxyqBGG676r31M=
github.com/hashicorp/memberlist v0.1.3/go.mod h1:ajVTdAv/9Im8oMAAj5G31PhhMCZJV2pPBoIllUwCN7I=
github.com/hashicorp/serf v0.8.2 h1:YZ7UKsJv+hKjqGVUUbtE3HNj79Eln2oQ75tniF6iPt0=
github.com/hashicorp/serf v0.8.2/go.mod h1:6hOLApaqBFA1NXqRQAsxw9QxuDEvNxSQRwA/JwenrHc=
github.com/ilovelili/aliyun-client v0.0.0-20190605074008-4fbaa377d984 h1:EdZvfrW+ve/zUEj0Nk4Qmg40Gl//egHToGYwS3axbuA=
github.com/ilovelili/aliyun-client v0.0.0-20190605074008-4fbaa377d984/go.mod h1:HqcaP+pbJi/bhhI3AefZudnWCR+16rGP0b6OeEXiyis=
github.com/ilovelili/dongfeng-error-code v0.0.0-20190618065903-9bcc1dd6022c h1:As/q/7oA9rVd0J3ChI4IrnqTe9b4L4h5fnYln9XzZkw=
github.com/ilovelili/dongfeng-error-code v0.0.0-20190618065903-9bcc1dd6022c/go.mod h1:f+29/2n8JH8eUbJZnARoCaHPf+IsfE84RJR9wtG8oFs=
github.com/ilovelili/dongfeng-logger v0.0.0-20190403091018-f20598e7c461 h1:1oyLnqhuDhqmO9ALnm5a5f6tMoDuq47NNpogv9plDSA=
github.com/ilovelili/dongfeng-logger v0.0.0-20190403091018-f20598e7c461/go.mod h1:yj1KXw2eman1jgP6UgbFz7TkylGSIHi8Qcxz5VLDkoY=
github.com/ilovelili/dongfeng-notification v0.0.0-20190403091005-c2220ec717b4 h1:Ccpyarj4j78wcLoVcRNGc8uGRfl7HXqyZcIK2Kyqdkg=
github.com/ilovelili/dongfeng-notification v0.0.0-20190403091005-c2220ec717b4/go.mod h1:GBK0ckDjg07hqwh6DjuJbm4M6KCT+KRT0EhcoaHHlSo=
github.com/ilovelili/dongfeng-protobuf v0.0.0-20190618065646-870ed0f2e9aa h1:CTEPzwBBrWiV/jLbRgRNbDtdjq2qLCvjI1vqacHa7rE=
github.com/ilovelili/dongfeng-protobuf v0.0.0-20190618065646-870ed0f2e9aa/go.mod h1:g+syOzCga0QY9U07txwnfSTgAF7yUVkdqpgHp/CxHeQ=
github.com/ilovelili/dongfeng-shared-lib v0.0.0-20190108085915-4093ff764c36 h1:A1eBde4Q8HzqRKCZZj66SY6T3zTZwd/N8KeGTHA6W4o=
github.com/ilovelili/dongfeng-shared-lib v0.0.0-20190108085915-4093ff764c36/go.mod h1:t0MZNfd05lzFDb86764pdVlITW7IYbSV4Xmfo9K6S38=
github.com/ilovelili/dongfeng-shared-lib v0.0.0-20190508095909-3b2fd2edf57b h1:Yt6MnGYJXcLSriBjGvypocsOVGo/JtEY8oS0k1h8mXs=
github.com/ilovelili/dongfeng-shared-lib v0.0.0-20190508095909-3b2fd2edf57b/go.mod h1:t0MZNfd05lzFDb86764pdVlITW7IYbSV4Xmfo9K6S38=
github.com/konsorten/go-windows-terminal-sequences v1.0.1/go.mod h1:T0+1ngSBFLxvqU3pZ+m/2kptfBszLMUkC4ZK/EgS/cQ=
github.com/konsorten/go-windows-terminal-sequences v1.0.2/go.mod h1:T0+1ngSBFLxvqU3pZ+m/2kptfBszLMUkC4ZK/EgS/cQ=
github.com/lestrrat-go/jwx v0.0.0-20190331105938-e346d0eba260 h1:rZ6P9qHur2EPf35Xvtt8qKf3qM4kiMcs9xdAUklOGZo=
github.com/lestrrat-go/jwx v0.0.0-20190331105938-e346d0eba260/go.mod h1:iEoxlYfZjvoGpuWwxUz+eR5e6KTJGsaRcy/YNA/UnBk=
github.com/lestrrat-go/pdebug v0.0.0-20180220043849-39f9a71bcabe h1:S7XSBlgc/eI2v47LkPPVa+infH3FuTS4tPJbqCtJovo=
github.com/lestrrat-go/pdebug v0.0.0-20180220043849-39f9a71bcabe/go.mod h1:zvUY6gZZVL2nu7NM+/3b51Z/hxyFZCZxV0hvfZ3NJlg=
github.com/mafredri/cdp v0.23.2 h1:i+t1sFhPh9V6MbZFczhlp800k6eRiskeRAw2KH5qmmQ=
github.com/mafredri/cdp v0.23.2/go.mod h1:hgdiA0yp1uqhSaDOHJWPgXpMbh+LAfUdD9vbN2AM8gE=
github.com/mattn/go-colorable v0.0.9/go.mod h1:9vuHe8Xs5qXnSaW/c/ABM9alt+Vo+STaOChaDxuIBZU=
github.com/mattn/go-colorable v0.1.0/go.mod h1:9vuHe8Xs5qXnSaW/c/ABM9alt+Vo+STaOChaDxuIBZU=
github.com/mattn/go-colorable v0.1.1/go.mod h1:FuOcm+DKB9mbwrcAfNl7/TZVBZ6rcnceauSikq3lYCQ=
github.com/mattn/go-isatty v0.0.3/go.mod h1:M+lRXTBqGeGNdLjl/ufCoiOlB5xdOkqRJdNxMWT7Zi4=
github.com/mattn/go-isatty v0.0.4/go.mod h1:M+lRXTBqGeGNdLjl/ufCoiOlB5xdOkqRJdNxMWT7Zi4=
github.com/mattn/go-isatty v0.0.5/go.mod h1:Iq45c/XA43vh69/j3iqttzPXn0bhXyGjM0Hdxcsrc5s=
github.com/micro/cli v0.0.0-20181223203424-1b0c9793c300/go.mod h1:x9x6qy+tXv17jzYWQup462+j3SIUgDa6vVTzU4IXy/w=
github.com/micro/cli v0.1.0 h1:5DT+QdbAPPQvB3gYTgwze7tFO1m+7DU1sz9XfQczbsc=
github.com/micro/cli v0.1.0/go.mod h1:jRT9gmfVKWSS6pkKcXQ8YhUyj6bzwxK8Fp5b0Y7qNnk=
github.com/micro/go-log v0.1.0 h1:szYSR+yyTsomZM2jyinJC5562DlqffSjHmTZFaeZ2vY=
github.com/micro/go-log v0.1.0/go.mod h1:qaFBF6d6Jk01Gz4cbMkCA2vVuLk3FSaLLjmEGrMCreA=
github.com/micro/go-micro v0.14.1/go.mod h1:3z3lfMkNU9Sr1L/CxL++8pVJmQapRo0N6kNjwYDtOVs=
github.com/micro/go-micro v0.23.0/go.mod h1:3z3lfMkNU9Sr1L/CxL++8pVJmQapRo0N6kNjwYDtOVs=
github.com/micro/go-micro v0.26.0/go.mod h1:CweCFO/pq8dCSIOdzVZ4ooIpUrKlyJ0AcFB269M7PgU=
github.com/micro/go-micro v0.26.1/go.mod h1:Jgc5gPEmDiG1TWE5Qnzzx5qyXnU9VTXKT1FkXkfvt8g=
github.com/micro/go-micro v1.0.0 h1:mg5/BfG4O6LHm+BlzNSaKBVxm/nVg0hJ4t7ziNDhipM=
github.com/micro/go-micro v1.0.0/go.mod h1:DnwIb4pb7podyAgAF8HYMlDkV5sjtcIj9wW4Iq+JyIk=
github.com/micro/go-plugins v0.16.2 h1:mo7YpSGhR+9Zbdi+SfD/FCBnCb0XxIjtRPRG3MavR0c=
github.com/micro/go-plugins v0.16.2/go.mod h1:dNzFjp55RfRhGm7zC6tPPzbdnAPo8+Yq4DbgEWdx6gc=
github.com/micro/go-rcache v0.1.0/go.mod h1:INzyZjXO5M+PmN2A33YxD4TaOY61xjFIM4CfSHv+At8=
github.com/micro/go-rcache v0.2.0/go.mod h1:EoiTwbY2ubQ6lc3ScV+SnmKbelDzeFezDxPDvF8XDxw=
github.com/micro/go-rcache v0.2.1/go.mod h1:aPCNY3RbjBdyd6ShLENl4MDSgpAiWIU4LyNLE9+TOEo=
github.com/micro/go-rcache v0.3.0 h1:KmJI80XnLNOB11U+hahQMMHBZLnZjf/oA4DB6FdEbSU=
github.com/micro/go-rcache v0.3.0/go.mod h1:M5zEP6UW8YfsaHHyFdcgTzgIshTPNqMKw38Mwc+ht4g=
github.com/micro/h2c v1.0.0/go.mod h1:54sOOQW/GRlHhH43vKwOhUb+kHaXhVxR0d3CJhn9alE=
github.com/micro/mdns v0.0.0-20181201230301-9c3770d4057a/go.mod h1:SQG6o/94RinohLuB5noHSevg2Iqg2wXLDUn4lj2LWWo=
github.com/micro/mdns v0.1.0 h1:fuLybUsfynbigJmCot/54i+gwe0hpc/vtCMvWt2WfDI=
github.com/micro/mdns v0.1.0/go.mod h1:KJ0dW7KmicXU2BV++qkLlmHYcVv7/hHnbtguSWt9Aoc=
github.com/micro/util v0.1.0/go.mod h1:MZgOs0nwxzv9k4xQo4fpF9IwZGF2O96F5/phP9X4/Sw=
github.com/micro/util v0.2.0 h1:6u0cPj1TeixEk5cAR9jbcVRUWDQsmCaZvDBiM3zFZuA=
github.com/micro/util v0.2.0/go.mod h1:SgRDkxJJluC2ZNiPfINY42ObEaCAFjL3jP5a+u+qRLU=
github.com/miekg/dns v1.0.14/go.mod h1:W1PPwlIAgtquWBMBEV9nkV9Cazfe8ScdGz/Lj7v3Nrg=
github.com/miekg/dns v1.1.3/go.mod h1:W1PPwlIAgtquWBMBEV9nkV9Cazfe8ScdGz/Lj7v3Nrg=
github.com/miekg/dns v1.1.4/go.mod h1:W1PPwlIAgtquWBMBEV9nkV9Cazfe8ScdGz/Lj7v3Nrg=
github.com/miekg/dns v1.1.6/go.mod h1:W1PPwlIAgtquWBMBEV9nkV9Cazfe8ScdGz/Lj7v3Nrg=
github.com/miekg/dns v1.1.8 h1:1QYRAKU3lN5cRfLCkPU08hwvLJFhvjP6MqNMmQz6ZVI=
github.com/miekg/dns v1.1.8/go.mod h1:W1PPwlIAgtquWBMBEV9nkV9Cazfe8ScdGz/Lj7v3Nrg=
github.com/mitchellh/cli v1.0.0/go.mod h1:hNIlj7HEI86fIcpObd7a0FcrxTWetlwJDGcceTlRvqc=
github.com/mitchellh/go-homedir v1.0.0/go.mod h1:SfyaCUpYCn1Vlf4IUYiD9fPX4A5wJrkLzIz1N1q0pr0=
github.com/mitchellh/go-homedir v1.1.0/go.mod h1:SfyaCUpYCn1Vlf4IUYiD9fPX4A5wJrkLzIz1N1q0pr0=
github.com/mitchellh/go-wordwrap v1.0.0/go.mod h1:ZXFpozHsX6DPmq2I0TCekCxypsnAUbP2oI0UX1GXzOo=
github.com/mitchellh/gox v0.4.0/go.mod h1:Sd9lOJ0+aimLBi73mGofS1ycjY8lL3uZM3JPS42BGNg=
github.com/mitchellh/hashstructure v1.0.0 h1:ZkRJX1CyOoTkar7p/mLS5TZU4nJ1Rn/F8u9dGS02Q3Y=
github.com/mitchellh/hashstructure v1.0.0/go.mod h1:QjSHrPWS+BGUVBYkbTZWEnOh3G1DutKwClXU/ABz6AQ=
github.com/mitchellh/iochan v1.0.0/go.mod h1:JwYml1nuB7xOzsp52dPpHFffvOCDupsG0QubkSMEySY=
github.com/mitchellh/mapstructure v0.0.0-20160808181253-ca63d7c062ee/go.mod h1:FVVH3fgwuzCH5S8UJGiWEs2h04kUh9fWfEaFds41c1Y=
github.com/mitchellh/mapstructure v1.1.2 h1:fmNYVwqnSfB9mZU6OS2O6GsXM+wcskZDuKQzvN1EDeE=
github.com/mitchellh/mapstructure v1.1.2/go.mod h1:FVVH3fgwuzCH5S8UJGiWEs2h04kUh9fWfEaFds41c1Y=
github.com/olivere/dapper v0.0.0-20160315092308-11d01232a968 h1:ciA9aDqgsMtLUPPg7EqzDYTDavG/uVLt8S6r54lqZ2E=
github.com/olivere/dapper v0.0.0-20160315092308-11d01232a968/go.mod h1:ZCpjDwgsGm/OSYunfRyT2cMuk/SGj+DvAmrz4xbO+oc=
github.com/pascaldekloe/goe v0.0.0-20180627143212-57f6aae5913c/go.mod h1:lzWF7FIEvWOWxwDKqyGYQf6ZUaNfKdP144TG7ZOy1lc=
github.com/pkg/errors v0.8.1 h1:iURUrRGxPUNPdy5/HRSm+Yj6okJ6UtLINN0Q9M4+h3I=
github.com/pkg/errors v0.8.1/go.mod h1:bwawxfHBFNV+L2hUp1rHADufV3IMtnDRdf1r5NINEl0=
github.com/pmezard/go-difflib v1.0.0/go.mod h1:iKH77koFhYxTK1pcRnkKkqfTogsbg7gZNVY4sRDYZ/4=
github.com/posener/complete v1.1.1/go.mod h1:em0nMJCgc9GFtwrmVmEMR/ZL6WyhyjMBndrE9hABlRI=
github.com/posener/complete v1.2.1/go.mod h1:6gapUrK/U1TAN7ciCoNRIdVC5sbdBTUh1DKN0g6uH7E=
github.com/ryanuber/columnize v0.0.0-20160712163229-9b3edd62028f/go.mod h1:sm1tb6uqfes/u+d4ooFouqFdy9/2g9QGwK3SQygK0Ts=
github.com/ryanuber/columnize v2.1.0+incompatible/go.mod h1:sm1tb6uqfes/u+d4ooFouqFdy9/2g9QGwK3SQygK0Ts=
github.com/sean-/seed v0.0.0-20170313163322-e2103e2c3529 h1:nn5Wsu0esKSJiIVhscUtVbo7ada43DJhG55ua/hjS5I=
github.com/sean-/seed v0.0.0-20170313163322-e2103e2c3529/go.mod h1:DxrIzT+xaE7yg65j358z/aeFdxmN0P9QXhEzd20vsDc=
github.com/sirupsen/logrus v1.4.1 h1:GL2rEmy6nsikmW0r8opw9JIRScdMF5hA8cOYLH7In1k=
github.com/sirupsen/logrus v1.4.1/go.mod h1:ni0Sbl8bgC9z8RoU9G6nDWqqs/fq4eDPysMBDgk/93Q=
github.com/stretchr/objx v0.1.0/go.mod h1:HFkY916IF+rwdDfMAkV7OtwuqBVzrE8GR6GFx+wExME=
github.com/stretchr/objx v0.1.1/go.mod h1:HFkY916IF+rwdDfMAkV7OtwuqBVzrE8GR6GFx+wExME=
github.com/stretchr/testify v1.2.2/go.mod h1:a8OnRcib4nhh0OaRAV+Yts87kKdq0PP7pXfy6kDkUVs=
github.com/stretchr/testify v1.3.0/go.mod h1:M5WIy9Dh21IEIfnGCwXGc5bZfKNJtfHm1UVUgZn+9EI=
golang.org/x/crypto v0.0.0-20181029021203-45a5f77698d3/go.mod h1:6SG95UA2DQfeDnfUPMdvaQW0Q7yPrPDi9nlGo2tz2b4=
golang.org/x/crypto v0.0.0-20190130090550-b01c7a725664/go.mod h1:6SG95UA2DQfeDnfUPMdvaQW0Q7yPrPDi9nlGo2tz2b4=
golang.org/x/crypto v0.0.0-20190211182817-74369b46fc67/go.mod h1:6SG95UA2DQfeDnfUPMdvaQW0Q7yPrPDi9nlGo2tz2b4=
golang.org/x/crypto v0.0.0-20190222235706-ffb98f73852f/go.mod h1:6SG95UA2DQfeDnfUPMdvaQW0Q7yPrPDi9nlGo2tz2b4=
golang.org/x/crypto v0.0.0-20190308221718-c2843e01d9a2/go.mod h1:djNgcEr1/C05ACkg1iLfiJU5Ep61QUkGW8qpdssI0+w=
golang.org/x/crypto v0.0.0-20190325154230-a5d413f7728c/go.mod h1:djNgcEr1/C05ACkg1iLfiJU5Ep61QUkGW8qpdssI0+w=
golang.org/x/crypto v0.0.0-20190403202508-8e1b8d32e692 h1:GRhHqDOgeDr6QDTtq9gn2O4iKvm5dsbfqD/TXb0KLX0=
golang.org/x/crypto v0.0.0-20190403202508-8e1b8d32e692/go.mod h1:WFFai1msRO1wXaEeE5yQxYXgSfI8pQAWXbQop6sCtWE=
golang.org/x/net v0.0.0-20180724234803-3673e40ba225/go.mod h1:mL1N/T3taQHkDXs73rZJwtUhF3w3ftmwwsq0BUmARs4=
golang.org/x/net v0.0.0-20181023162649-9b4f9f5ad519/go.mod h1:mL1N/T3taQHkDXs73rZJwtUhF3w3ftmwwsq0BUmARs4=
golang.org/x/net v0.0.0-20181201002055-351d144fa1fc/go.mod h1:mL1N/T3taQHkDXs73rZJwtUhF3w3ftmwwsq0BUmARs4=
golang.org/x/net v0.0.0-20190125091013-d26f9f9a57f3/go.mod h1:mL1N/T3taQHkDXs73rZJwtUhF3w3ftmwwsq0BUmARs4=
golang.org/x/net v0.0.0-20190213061140-3a22650c66bd/go.mod h1:mL1N/T3taQHkDXs73rZJwtUhF3w3ftmwwsq0BUmARs4=
golang.org/x/net v0.0.0-20190327214358-63eda1eb0650/go.mod h1:t9HGtf8HONx5eT2rtn7q6eTqICYqUVnKs3thJo3Qplg=
golang.org/x/net v0.0.0-20190403144856-b630fd6fe46b h1:/zjbcJPEGAyu6Is/VBOALsgdi4z9+kz/Vtdm6S+beD0=
golang.org/x/net v0.0.0-20190403144856-b630fd6fe46b/go.mod h1:t9HGtf8HONx5eT2rtn7q6eTqICYqUVnKs3thJo3Qplg=
golang.org/x/sync v0.0.0-20181221193216-37e7f081c4d4/go.mod h1:RxMgew5VJxzue5/jJTE5uejpjVlOe/izrB70Jof72aM=
golang.org/x/sync v0.0.0-20190227155943-e225da77a7e6/go.mod h1:RxMgew5VJxzue5/jJTE5uejpjVlOe/izrB70Jof72aM=
golang.org/x/sys v0.0.0-20180823144017-11551d06cbcc/go.mod h1:STP8DvDyc/dI5b8T5hshtkjS+E42TnysNCUPdjciGhY=
golang.org/x/sys v0.0.0-20180905080454-ebe1bf3edb33/go.mod h1:STP8DvDyc/dI5b8T5hshtkjS+E42TnysNCUPdjciGhY=
golang.org/x/sys v0.0.0-20181026203630-95b1ffbd15a5/go.mod h1:STP8DvDyc/dI5b8T5hshtkjS+E42TnysNCUPdjciGhY=
golang.org/x/sys v0.0.0-20190129075346-302c3dd5f1cc/go.mod h1:STP8DvDyc/dI5b8T5hshtkjS+E42TnysNCUPdjciGhY=
golang.org/x/sys v0.0.0-20190213121743-983097b1a8a3/go.mod h1:STP8DvDyc/dI5b8T5hshtkjS+E42TnysNCUPdjciGhY=
golang.org/x/sys v0.0.0-20190215142949-d0b11bdaac8a/go.mod h1:STP8DvDyc/dI5b8T5hshtkjS+E42TnysNCUPdjciGhY=
golang.org/x/sys v0.0.0-20190222072716-a9d3bda3a223/go.mod h1:STP8DvDyc/dI5b8T5hshtkjS+E42TnysNCUPdjciGhY=
golang.org/x/sys v0.0.0-20190222171317-cd391775e71e/go.mod h1:STP8DvDyc/dI5b8T5hshtkjS+E42TnysNCUPdjciGhY=
golang.org/x/sys v0.0.0-20190322080309-f49334f85ddc/go.mod h1:h1NjWce9XRLGQEsW7wpKNCjG9DtNlClVuFLEZdDNbEs=
golang.org/x/sys v0.0.0-20190403152447-81d4e9dc473e h1:nFYrTHrdrAOpShe27kaFHjsqYSEQ0KWqdWLu3xuZJts=
golang.org/x/sys v0.0.0-20190403152447-81d4e9dc473e/go.mod h1:h1NjWce9XRLGQEsW7wpKNCjG9DtNlClVuFLEZdDNbEs=
golang.org/x/text v0.3.0 h1:g61tztE5qeGQ89tm6NTjjM9VPIm088od1l6aSorWRWg=
golang.org/x/text v0.3.0/go.mod h1:NqM8EUOU14njkJ3fqMW+pc6Ldnwhi/IjpwHt7yyuwOQ=
golang.org/x/time v0.0.0-20190308202827-9d24e82272b4 h1:SvFZT6jyqRaOeXpc5h/JSfZenJ2O330aBsf7JfSUXmQ=
golang.org/x/time v0.0.0-20190308202827-9d24e82272b4/go.mod h1:tRJNPiyCQ0inRvYxbN9jk5I+vvW/OXSQhTDSoE431IQ=
google.golang.org/appengine v1.5.0/go.mod h1:xpcJRLb0r/rnEns0DIKYYv+WjYCduHsrkT7/EB5XEv4=
gopkg.in/check.v1 v0.0.0-20161208181325-20d25e280405/go.mod h1:Co6ibVJAznAaIkqp8huTwlJQCZ016jof/cbN4VW5Yz0=
gopkg.in/check.v1 v1.0.0-20180628173108-788fd7840127/go.mod h1:Co6ibVJAznAaIkqp8huTwlJQCZ016jof/cbN4VW5Yz0=
gopkg.in/yaml.v2 v2.2.2/go.mod h1:hI93XBmqTisBFMUTm0b8Fm+jr3Dg1NNxqwp+5A1VGuI=
